
Microsoft Visual Studio Solution File, Format Version 11.00
# Visual Studio 2010
Project("{FAE04EC0-301F-11D3-BF4B-00C04F79EFBC}") = "Assembly-CSharp", "Assembly-CSharp.csproj", "{5afa7ac4-16cc-b7ab-b08b-df30303a54d0}"
EndProject
Project("{FAE04EC0-301F-11D3-BF4B-00C04F79EFBC}") = "Fusion.Unity.Editor", "Fusion.Unity.Editor.csproj", "{d8231ab9-efca-ddd3-e73c-c5237f830552}"
EndProject
Project("{FAE04EC0-301F-11D3-BF4B-00C04F79EFBC}") = "Fusion.Menu", "Fusion.Menu.csproj", "{9de5f11c-8b34-8065-4820-4b2e880661c5}"
EndProject
Project("{FAE04EC0-301F-11D3-BF4B-00C04F79EFBC}") = "Fusion.Unity", "Fusion.Unity.csproj", "{565435a1-acf6-6b13-b859-da982a742e5e}"
EndProject
Project("{FAE04EC0-301F-11D3-BF4B-00C04F79EFBC}") = "Assembly-CSharp-Editor", "Assembly-CSharp-Editor.csproj", "{04c1c58e-0680-c5df-34aa-23c4508e0790}"
EndProject
Project("{FAE04EC0-301F-11D3-BF4B-00C04F79EFBC}") = "Fusion.Addons.Physics", "Fusion.Addons.Physics.csproj", "{d4af071b-7e8e-c053-0a27-753d344587ad}"
EndProject
Project("{FAE04EC0-301F-11D3-BF4B-00C04F79EFBC}") = "Fusion.Menu.Editor", "Fusion.Menu.Editor.csproj", "{d28aa881-69d3-ca75-a0a3-bee9d0df40ee}"
EndProject
Project("{FAE04EC0-301F-11D3-BF4B-00C04F79EFBC}") = "Unity.Fusion.CodeGen", "Unity.Fusion.CodeGen.csproj", "{a7a15e69-fe68-f6fd-ff40-38da58b92ca5}"
EndProject
Project("{FAE04EC0-301F-11D3-BF4B-00C04F79EFBC}") = "Fusion.Addons.Physics.Editor", "Fusion.Addons.Physics.Editor.csproj", "{5a3475d7-2118-d19c-6741-e11203d91545}"
EndProject
Global
	GlobalSection(SolutionConfigurationPlatforms) = preSolution
		Debug|Any CPU = Debug|Any CPU
	EndGlobalSection
	GlobalSection(ProjectConfigurationPlatforms) = postSolution
		{5afa7ac4-16cc-b7ab-b08b-df30303a54d0}.Debug|Any CPU.ActiveCfg = Debug|Any CPU
		{5afa7ac4-16cc-b7ab-b08b-df30303a54d0}.Debug|Any CPU.Build.0 = Debug|Any CPU
		{d8231ab9-efca-ddd3-e73c-c5237f830552}.Debug|Any CPU.ActiveCfg = Debug|Any CPU
		{d8231ab9-efca-ddd3-e73c-c5237f830552}.Debug|Any CPU.Build.0 = Debug|Any CPU
		{9de5f11c-8b34-8065-4820-4b2e880661c5}.Debug|Any CPU.ActiveCfg = Debug|Any CPU
		{9de5f11c-8b34-8065-4820-4b2e880661c5}.Debug|Any CPU.Build.0 = Debug|Any CPU
		{565435a1-acf6-6b13-b859-da982a742e5e}.Debug|Any CPU.ActiveCfg = Debug|Any CPU
		{565435a1-acf6-6b13-b859-da982a742e5e}.Debug|Any CPU.Build.0 = Debug|Any CPU
		{04c1c58e-0680-c5df-34aa-23c4508e0790}.Debug|Any CPU.ActiveCfg = Debug|Any CPU
		{04c1c58e-0680-c5df-34aa-23c4508e0790}.Debug|Any CPU.Build.0 = Debug|Any CPU
		{d4af071b-7e8e-c053-0a27-753d344587ad}.Debug|Any CPU.ActiveCfg = Debug|Any CPU
		{d4af071b-7e8e-c053-0a27-753d344587ad}.Debug|Any CPU.Build.0 = Debug|Any CPU
		{d28aa881-69d3-ca75-a0a3-bee9d0df40ee}.Debug|Any CPU.ActiveCfg = Debug|Any CPU
		{d28aa881-69d3-ca75-a0a3-bee9d0df40ee}.Debug|Any CPU.Build.0 = Debug|Any CPU
		{a7a15e69-fe68-f6fd-ff40-38da58b92ca5}.Debug|Any CPU.ActiveCfg = Debug|Any CPU
		{a7a15e69-fe68-f6fd-ff40-38da58b92ca5}.Debug|Any CPU.Build.0 = Debug|Any CPU
		{5a3475d7-2118-d19c-6741-e11203d91545}.Debug|Any CPU.ActiveCfg = Debug|Any CPU
		{5a3475d7-2118-d19c-6741-e11203d91545}.Debug|Any CPU.Build.0 = Debug|Any CPU
	EndGlobalSection
	GlobalSection(SolutionProperties) = preSolution
		HideSolutionNode = FALSE
	EndGlobalSection
EndGlobal
